// !$*UTF8*$!
{
	archiveVersion = 1;
	classes = {
	};
	objectVersion = 46;
	objects = {

/* Begin PBXBuildFile section */
		830BC8411D05ABD6008748AE /* ITRDetailViewController.m in Sources */ = {isa = PBXBuildFile; fileRef = 830BC83E1D05ABD6008748AE /* ITRDetailViewController.m */; };
		830BC8421D05ABD6008748AE /* ITRViewController.m in Sources */ = {isa = PBXBuildFile; fileRef = 830BC8401D05ABD6008748AE /* ITRViewController.m */; };
		830BC8491D05AC14008748AE /* Page.m in Sources */ = {isa = PBXBuildFile; fileRef = 830BC8481D05AC14008748AE /* Page.m */; };
		830BC84C1D05AC28008748AE /* PageDocument.m in Sources */ = {isa = PBXBuildFile; fileRef = 830BC84B1D05AC28008748AE /* PageDocument.m */; };
		8315BE7E1D08165400A9E394 /* Settings.bundle in Resources */ = {isa = PBXBuildFile; fileRef = 8315BE7D1D08165400A9E394 /* Settings.bundle */; };
		831FA10D1D0BC12D00906A15 /* ConflictPage.m in Sources */ = {isa = PBXBuildFile; fileRef = 831FA10C1D0BC12D00906A15 /* ConflictPage.m */; };
		831FA1101D0BC38400906A15 /* ITRResolveViewController.m in Sources */ = {isa = PBXBuildFile; fileRef = 831FA10F1D0BC38400906A15 /* ITRResolveViewController.m */; };
		83D904811CFF03290077DC5D /* main.m in Sources */ = {isa = PBXBuildFile; fileRef = 83D904801CFF03290077DC5D /* main.m */; };
		83D904841CFF03290077DC5D /* AppDelegate.m in Sources */ = {isa = PBXBuildFile; fileRef = 83D904831CFF03290077DC5D /* AppDelegate.m */; };
		83D9048A1CFF03290077DC5D /* Main.storyboard in Resources */ = {isa = PBXBuildFile; fileRef = 83D904881CFF03290077DC5D /* Main.storyboard */; };
		83D9048C1CFF032A0077DC5D /* Assets.xcassets in Resources */ = {isa = PBXBuildFile; fileRef = 83D9048B1CFF032A0077DC5D /* Assets.xcassets */; };
		83D9048F1CFF032A0077DC5D /* LaunchScreen.storyboard in Resources */ = {isa = PBXBuildFile; fileRef = 83D9048D1CFF032A0077DC5D /* LaunchScreen.storyboard */; };
/* End PBXBuildFile section */

/* Begin PBXFileReference section */
		830BC8301D05A715008748AE /* ITRCloud-Part3.entitlements */ = {isa = PBXFileReference; lastKnownFileType = text.xml; path = "ITRCloud-Part3.entitlements"; sourceTree = "<group>"; };
		830BC83D1D05ABD6008748AE /* ITRDetailViewController.h */ = {isa = PBXFileReference; fileEncoding = 4; lastKnownFileType = sourcecode.c.h; path = ITRDetailViewController.h; sourceTree = "<group>"; };
		830BC83E1D05ABD6008748AE /* ITRDetailViewController.m */ = {isa = PBXFileReference; fileEncoding = 4; lastKnownFileType = sourcecode.c.objc; path = ITRDetailViewController.m; sourceTree = "<group>"; };
		830BC83F1D05ABD6008748AE /* ITRViewController.h */ = {isa = PBXFileReference; fileEncoding = 4; lastKnownFileType = sourcecode.c.h; path = ITRViewController.h; sourceTree = "<group>"; };
		830BC8401D05ABD6008748AE /* ITRViewController.m */ = {isa = PBXFileReference; fileEncoding = 4; lastKnownFileType = sourcecode.c.objc; path = ITRViewController.m; sourceTree = "<group>"; };
		830BC8471D05AC14008748AE /* Page.h */ = {isa = PBXFileReference; fileEncoding = 4; lastKnownFileType = sourcecode.c.h; path = Page.h; sourceTree = "<group>"; };
		830BC8481D05AC14008748AE /* Page.m */ = {isa = PBXFileReference; fileEncoding = 4; lastKnownFileType = sourcecode.c.objc; path = Page.m; sourceTree = "<group>"; };
		830BC84A1D05AC28008748AE /* PageDocument.h */ = {isa = PBXFileReference; fileEncoding = 4; lastKnownFileType = sourcecode.c.h; path = PageDocument.h; sourceTree = "<group>"; };
		830BC84B1D05AC28008748AE /* PageDocument.m */ = {isa = PBXFileReference; fileEncoding = 4; lastKnownFileType = sourcecode.c.objc; path = PageDocument.m; sourceTree = "<group>"; };
		8315BE7D1D08165400A9E394 /* Settings.bundle */ = {isa = PBXFileReference; lastKnownFileType = "wrapper.plug-in"; path = Settings.bundle; sourceTree = "<group>"; };
		831FA10B1D0BC12D00906A15 /* ConflictPage.h */ = {isa = PBXFileReference; fileEncoding = 4; lastKnownFileType = sourcecode.c.h; path = ConflictPage.h; sourceTree = "<group>"; };
		831FA10C1D0BC12D00906A15 /* ConflictPage.m */ = {isa = PBXFileReference; fileEncoding = 4; lastKnownFileType = sourcecode.c.objc; path = ConflictPage.m; sourceTree = "<group>"; };
		831FA10E1D0BC38400906A15 /* ITRResolveViewController.h */ = {isa = PBXFileReference; fileEncoding = 4; lastKnownFileType = sourcecode.c.h; path = ITRResolveViewController.h; sourceTree = "<group>"; };
		831FA10F1D0BC38400906A15 /* ITRResolveViewController.m */ = {isa = PBXFileReference; fileEncoding = 4; lastKnownFileType = sourcecode.c.objc; path = ITRResolveViewController.m; sourceTree = "<group>"; };
		83D9047C1CFF03290077DC5D /* ITRCloud-Part3.app */ = {isa = PBXFileReference; explicitFileType = wrapper.application; includeInIndex = 0; path = "ITRCloud-Part3.app"; sourceTree = BUILT_PRODUCTS_DIR; };
		83D904801CFF03290077DC5D /* main.m */ = {isa = PBXFileReference; lastKnownFileType = sourcecode.c.objc; path = main.m; sourceTree = "<group>"; };
		83D904821CFF03290077DC5D /* AppDelegate.h */ = {isa = PBXFileReference; lastKnownFileType = sourcecode.c.h; path = AppDelegate.h; sourceTree = "<group>"; };
		83D904831CFF03290077DC5D /* AppDelegate.m */ = {isa = PBXFileReference; lastKnownFileType = sourcecode.c.objc; path = AppDelegate.m; sourceTree = "<group>"; };
		83D904891CFF03290077DC5D /* Base */ = {isa = PBXFileReference; lastKnownFileType = file.storyboard; name = Base; path = Base.lproj/Main.storyboard; sourceTree = "<group>"; };
		83D9048B1CFF032A0077DC5D /* Assets.xcassets */ = {isa = PBXFileReference; lastKnownFileType = folder.assetcatalog; path = Assets.xcassets; sourceTree = "<group>"; };
		83D9048E1CFF032A0077DC5D /* Base */ = {isa = PBXFileReference; lastKnownFileType = file.storyboard; name = Base; path = Base.lproj/LaunchScreen.storyboard; sourceTree = "<group>"; };
		83D904901CFF032A0077DC5D /* Info.plist */ = {isa = PBXFileReference; lastKnownFileType = text.plist.xml; path = Info.plist; sourceTree = "<group>"; };
/* End PBXFileReference section */

/* Begin PBXFrameworksBuildPhase section */
		83D904791CFF03290077DC5D /* Frameworks */ = {
			isa = PBXFrameworksBuildPhase;
			buildActionMask = 2147483647;
			files = (
			);
			runOnlyForDeploymentPostprocessing = 0;
		};
/* End PBXFrameworksBuildPhase section */

/* Begin PBXGroup section */
		830BC83C1D05ABD6008748AE /* Controller */ = {
			isa = PBXGroup;
			children = (
				830BC83D1D05ABD6008748AE /* ITRDetailViewController.h */,
				830BC83E1D05ABD6008748AE /* ITRDetailViewController.m */,
				830BC83F1D05ABD6008748AE /* ITRViewController.h */,
				830BC8401D05ABD6008748AE /* ITRViewController.m */,
				831FA10E1D0BC38400906A15 /* ITRResolveViewController.h */,
				831FA10F1D0BC38400906A15 /* ITRResolveViewController.m */,
			);
			path = Controller;
			sourceTree = "<group>";
		};
		830BC8461D05AC14008748AE /* Model */ = {
			isa = PBXGroup;
			children = (
				830BC8471D05AC14008748AE /* Page.h */,
				830BC8481D05AC14008748AE /* Page.m */,
				830BC84A1D05AC28008748AE /* PageDocument.h */,
				830BC84B1D05AC28008748AE /* PageDocument.m */,
				831FA10B1D0BC12D00906A15 /* ConflictPage.h */,
				831FA10C1D0BC12D00906A15 /* ConflictPage.m */,
			);
			path = Model;
			sourceTree = "<group>";
		};
		83D904731CFF03290077DC5D = {
			isa = PBXGroup;
			children = (
				83D9047E1CFF03290077DC5D /* ITRCloud-Part3 */,
				83D9047D1CFF03290077DC5D /* Products */,
			);
			sourceTree = "<group>";
		};
		83D9047D1CFF03290077DC5D /* Products */ = {
			isa = PBXGroup;
			children = (
				83D9047C1CFF03290077DC5D /* ITRCloud-Part3.app */,
			);
			name = Products;
			sourceTree = "<group>";
		};
		83D9047E1CFF03290077DC5D /* ITRCloud-Part3 */ = {
			isa = PBXGroup;
			children = (
				830BC8461D05AC14008748AE /* Model */,
				830BC83C1D05ABD6008748AE /* Controller */,
				830BC8301D05A715008748AE /* ITRCloud-Part3.entitlements */,
				83D904821CFF03290077DC5D /* AppDelegate.h */,
				83D904831CFF03290077DC5D /* AppDelegate.m */,
				83D904881CFF03290077DC5D /* Main.storyboard */,
				83D9048B1CFF032A0077DC5D /* Assets.xcassets */,
				83D9048D1CFF032A0077DC5D /* LaunchScreen.storyboard */,
				83D904901CFF032A0077DC5D /* Info.plist */,
				83D9047F1CFF03290077DC5D /* Supporting Files */,
				8315BE7D1D08165400A9E394 /* Settings.bundle */,
			);
			path = "ITRCloud-Part3";
			sourceTree = "<group>";
		};
		83D9047F1CFF03290077DC5D /* Supporting Files */ = {
			isa = PBXGroup;
			children = (
				83D904801CFF03290077DC5D /* main.m */,
			);
			name = "Supporting Files";
			sourceTree = "<group>";
		};
/* End PBXGroup section */

/* Begin PBXNativeTarget section */
		83D9047B1CFF03290077DC5D /* ITRCloud-Part3 */ = {
			isa = PBXNativeTarget;
			buildConfigurationList = 83D904931CFF032A0077DC5D /* Build configuration list for PBXNativeTarget "ITRCloud-Part3" */;
			buildPhases = (
				83D904781CFF03290077DC5D /* Sources */,
				83D904791CFF03290077DC5D /* Frameworks */,
				83D9047A1CFF03290077DC5D /* Resources */,
			);
			buildRules = (
			);
			dependencies = (
			);
			name = "ITRCloud-Part3";
			productName = "ITRCloud-Part3";
			productReference = 83D9047C1CFF03290077DC5D /* ITRCloud-Part3.app */;
			productType = "com.apple.product-type.application";
		};
/* End PBXNativeTarget section */

/* Begin PBXProject section */
		83D904741CFF03290077DC5D /* Project object */ = {
			isa = PBXProject;
			attributes = {
				LastUpgradeCheck = 0730;
				ORGANIZATIONNAME = "kiruthika selvavinayagam";
				TargetAttributes = {
					83D9047B1CFF03290077DC5D = {
						CreatedOnToolsVersion = 7.3;
						DevelopmentTeam = 5U487867ZU;
						SystemCapabilities = {
							com.apple.iCloud = {
								enabled = 1;
							};
						};
					};
				};
			};
			buildConfigurationList = 83D904771CFF03290077DC5D /* Build configuration list for PBXProject "ITRCloud-Part3" */;
			compatibilityVersion = "Xcode 3.2";
			developmentRegion = English;
			hasScannedForEncodings = 0;
			knownRegions = (
				en,
				Base,
			);
			mainGroup = 83D904731CFF03290077DC5D;
			productRefGroup = 83D9047D1CFF03290077DC5D /* Products */;
			projectDirPath = "";
			projectRoot = "";
			targets = (
				83D9047B1CFF03290077DC5D /* ITRCloud-Part3 */,
			);
		};
/* End PBXProject section */

/* Begin PBXResourcesBuildPhase section */
		83D9047A1CFF03290077DC5D /* Resources */ = {
			isa = PBXResourcesBuildPhase;
			buildActionMask = 2147483647;
			files = (
				8315BE7E1D08165400A9E394 /* Settings.bundle in Resources */,
				83D9048F1CFF032A0077DC5D /* LaunchScreen.storyboard in Resources */,
				83D9048C1CFF032A0077DC5D /* Assets.xcassets in Resources */,
				83D9048A1CFF03290077DC5D /* Main.storyboard in Resources */,
			);
			runOnlyForDeploymentPostprocessing = 0;
		};
/* End PBXResourcesBuildPhase section */

/* Begin PBXSourcesBuildPhase section */
		83D904781CFF03290077DC5D /* Sources */ = {
			isa = PBXSourcesBuildPhase;
			buildActionMask = 2147483647;
			files = (
				830BC8491D05AC14008748AE /* Page.m in Sources */,
				831FA10D1D0BC12D00906A15 /* ConflictPage.m in Sources */,
				830BC8421D05ABD6008748AE /* ITRViewController.m in Sources */,
				831FA1101D0BC38400906A15 /* ITRResolveViewController.m in Sources */,
				830BC8411D05ABD6008748AE /* ITRDetailViewController.m in Sources */,
				830BC84C1D05AC28008748AE /* PageDocument.m in Sources */,
				83D904841CFF03290077DC5D /* AppDelegate.m in Sources */,
				83D904811CFF03290077DC5D /* main.m in Sources */,
			);
			runOnlyForDeploymentPostprocessing = 0;
		};
/* End PBXSourcesBuildPhase section */

/* Begin PBXVariantGroup section */
		83D904881CFF03290077DC5D /* Main.storyboard */ = {
			isa = PBXVariantGroup;
			children = (
				83D904891CFF03290077DC5D /* Base */,
			);
			name = Main.storyboard;
			sourceTree = "<group>";
		};
		83D9048D1CFF032A0077DC5D /* LaunchScreen.storyboard */ = {
			isa = PBXVariantGroup;
			children = (
				83D9048E1CFF032A0077DC5D /* Base */,
			);
			name = LaunchScreen.storyboard;
			sourceTree = "<group>";
		};
/* End PBXVariantGroup section */

/* Begin XCBuildConfiguration section */
		83D904911CFF032A0077DC5D /* Debug */ = {
			isa = XCBuildConfiguration;
			buildSettings = {
				ALWAYS_SEARCH_USER_PATHS = NO;
				CLANG_ANALYZER_NONNULL = YES;
				CLANG_CXX_LANGUAGE_STANDARD = "gnu++0x";
				CLANG_CXX_LIBRARY = "libc++";
				CLANG_ENABLE_MODULES = YES;
				CLANG_ENABLE_OBJC_ARC = YES;
				CLANG_WARN_BOOL_CONVERSION = YES;
				CLANG_WARN_CONSTANT_CONVERSION = YES;
				CLANG_WARN_DIRECT_OBJC_ISA_USAGE = YES_ERROR;
				CLANG_WARN_EMPTY_BODY = YES;
				CLANG_WARN_ENUM_CONVERSION = YES;
				CLANG_WARN_INT_CONVERSION = YES;
				CLANG_WARN_OBJC_ROOT_CLASS = YES_ERROR;
				CLANG_WARN_UNREACHABLE_CODE = YES;
				CLANG_WARN__DUPLICATE_METHOD_MATCH = YES;
				"CODE_SIGN_IDENTITY[sdk=iphoneos*]" = "iPhone Developer";
				COPY_PHASE_STRIP = NO;
				DEBUG_INFORMATION_FORMAT = dwarf;
				ENABLE_STRICT_OBJC_MSGSEND = YES;
				ENABLE_TESTABILITY = YES;
				GCC_C_LANGUAGE_STANDARD = gnu99;
				GCC_DYNAMIC_NO_PIC = NO;
				GCC_NO_COMMON_BLOCKS = YES;
				GCC_OPTIMIZATION_LEVEL = 0;
				GCC_PREPROCESSOR_DEFINITIONS = (
					"DEBUG=1",
					"$(inherited)",
				);
				GCC_WARN_64_TO_32_BIT_CONVERSION = YES;
				GCC_WARN_ABOUT_RETURN_TYPE = YES_ERROR;
				GCC_WARN_UNDECLARED_SELECTOR = YES;
				GCC_WARN_UNINITIALIZED_AUTOS = YES_AGGRESSIVE;
				GCC_WARN_UNUSED_FUNCTION = YES;
				GCC_WARN_UNUSED_VARIABLE = YES;
				IPHONEOS_DEPLOYMENT_TARGET = 9.3;
				MTL_ENABLE_DEBUG_INFO = YES;
				ONLY_ACTIVE_ARCH = YES;
				SDKROOT = iphoneos;
			};
			name = Debug;
		};
		83D904921CFF032A0077DC5D /* Release */ = {
			isa = XCBuildConfiguration;
			buildSettings = {
				ALWAYS_SEARCH_USER_PATHS = NO;
				CLANG_ANALYZER_NONNULL = YES;
				CLANG_CXX_LANGUAGE_STANDARD = "gnu++0x";
				CLANG_CXX_LIBRARY = "libc++";
				CLANG_ENABLE_MODULES = YES;
				CLANG_ENABLE_OBJC_ARC = YES;
				CLANG_WARN_BOOL_CONVERSION = YES;
				CLANG_WARN_CONSTANT_CONVERSION = YES;
				CLANG_WARN_DIRECT_OBJC_ISA_USAGE = YES_ERROR;
				CLANG_WARN_EMPTY_BODY = YES;
				CLANG_WARN_ENUM_CONVERSION = YES;
				CLANG_WARN_INT_CONVERSION = YES;
				CLANG_WARN_OBJC_ROOT_CLASS = YES_ERROR;
				CLANG_WARN_UNREACHABLE_CODE = YES;
				CLANG_WARN__DUPLICATE_METHOD_MATCH = YES;
				"CODE_SIGN_IDENTITY[sdk=iphoneos*]" = "iPhone Developer";
				COPY_PHASE_STRIP = NO;
				DEBUG_INFORMATION_FORMAT = "dwarf-with-dsym";
				ENABLE_NS_ASSERTIONS = NO;
				ENABLE_STRICT_OBJC_MSGSEND = YES;
				GCC_C_LANGUAGE_STANDARD = gnu99;
				GCC_NO_COMMON_BLOCKS = YES;
				GCC_WARN_64_TO_32_BIT_CONVERSION = YES;
				GCC_WARN_ABOUT_RETURN_TYPE = YES_ERROR;
				GCC_WARN_UNDECLARED_SELECTOR = YES;
				GCC_WARN_UNINITIALIZED_AUTOS = YES_AGGRESSIVE;
				GCC_WARN_UNUSED_FUNCTION = YES;
				GCC_WARN_UNUSED_VARIABLE = YES;
				IPHONEOS_DEPLOYMENT_TARGET = 9.3;
				MTL_ENABLE_DEBUG_INFO = NO;
				SDKROOT = iphoneos;
				VALIDATE_PRODUCT = YES;
			};
			name = Release;
		};
		83D904941CFF032A0077DC5D /* Debug */ = {
			isa = XCBuildConfiguration;
			buildSettings = {
				ASSETCATALOG_COMPILER_APPICON_NAME = AppIcon;
				CODE_SIGN_ENTITLEMENTS = "ITRCloud-Part3/ITRCloud-Part3.entitlements";
				INFOPLIST_FILE = "ITRCloud-Part3/Info.plist";
				LD_RUNPATH_SEARCH_PATHS = "$(inherited) @executable_path/Frameworks";
				PRODUCT_BUNDLE_IDENTIFIER = "ITR.ITRCloud-Part3";
				PRODUCT_NAME = "$(TARGET_NAME)";
			};
			name = Debug;
		};
		83D904951CFF032A0077DC5D /* Release */ = {
			isa = XCBuildConfiguration;
			buildSettings = {
				ASSETCATALOG_COMPILER_APPICON_NAME = AppIcon;
				CODE_SIGN_ENTITLEMENTS = "ITRCloud-Part3/ITRCloud-Part3.entitlements";
				INFOPLIST_FILE = "ITRCloud-Part3/Info.plist";
				LD_RUNPATH_SEARCH_PATHS = "$(inherited) @executable_path/Frameworks";
				PRODUCT_BUNDLE_IDENTIFIER = "ITR.ITRCloud-Part3";
				PRODUCT_NAME = "$(TARGET_NAME)";
			};
			name = Release;
		};
/* End XCBuildConfiguration section */

/* Begin XCConfigurationList section */
		83D904771CFF03290077DC5D /* Build configuration list for PBXProject "ITRCloud-Part3" */ = {
			isa = XCConfigurationList;
			buildConfigurations = (
				83D904911CFF032A0077DC5D /* Debug */,
				83D904921CFF032A0077DC5D /* Release */,
			);
			defaultConfigurationIsVisible = 0;
			defaultConfigurationName = Release;
		};
		83D904931CFF032A0077DC5D /* Build configuration list for PBXNativeTarget "ITRCloud-Part3" */ = {
			isa = XCConfigurationList;
			buildConfigurations = (
				83D904941CFF032A0077DC5D /* Debug */,
				83D904951CFF032A0077DC5D /* Release */,
			);
			defaultConfigurationIsVisible = 0;
			defaultConfigurationName = Release;
		};
/* End XCConfigurationList section */
	};
	rootObject = 83D904741CFF03290077DC5D /* Project object */;
}
